
Microsoft Visual Studio Solution File, Format Version 12.00
# Visual Studio Version 17
VisualStudioVersion = 17.5.002.0
MinimumVisualStudioVersion = 10.0.40219.1
Project("{9A19103F-16F7-4668-BE54-9A1E7A4F7556}") = "Web.API", "Web.API.csproj", "{B09CDECD-273B-495F-AB16-0AA70662D0B6}"
EndProject
Global
	GlobalSection(SolutionConfigurationPlatforms) = preSolution
		Debug|Any CPU = Debug|Any CPU
		Release|Any CPU = Release|Any CPU
	EndGlobalSection
	GlobalSection(ProjectConfigurationPlatforms) = postSolution
		{B09CDECD-273B-495F-AB16-0AA70662D0B6}.Debug|Any CPU.ActiveCfg = Debug|Any CPU
		{B09CDECD-273B-495F-AB16-0AA70662D0B6}.Debug|Any CPU.Build.0 = Debug|Any CPU
		{B09CDECD-273B-495F-AB16-0AA70662D0B6}.Release|Any CPU.ActiveCfg = Release|Any CPU
		{B09CDECD-273B-495F-AB16-0AA70662D0B6}.Release|Any CPU.Build.0 = Release|Any CPU
	EndGlobalSection
	GlobalSection(SolutionProperties) = preSolution
		HideSolutionNode = FALSE
	EndGlobalSection
	GlobalSection(ExtensibilityGlobals) = postSolution
		SolutionGuid = {5C749103-0E56-4964-A6AD-BD1072A38EEE}
	EndGlobalSection
EndGlobal
